{"name":"reaviseapp-frontend","version":"1.0.0","lockfileVersion":3,"dependencies":{"@neondatabase/serverless":{"version":"^0.9.0","dependencyTree":"..."},"@prisma/adapter-neon":{"version":"^5.9.0","dependencyTree":"..."},"ws":{"version":"^8.16.0","dependencyTree":"..."},"@types/ws":{"version":"^8.5.10","dependencyTree":"..."}}}